<?xml version="1.0" encoding="UTF-8"?>
<CodeBlocks_project_file>
	<FileVersion major="1" minor="6"/>
	<Project>
		<Option title="Revolve"/>
		<Option makefile_is_custom="1"/>
		<Option compiler="clang"/>
		<Option virtualFolders="CMake Files\;CMake Files\cpprevolve\;CMake Files\cpprevolve\revolve\;CMake Files\cpprevolve\revolve\brains\;CMake Files\cpprevolve\revolve\gazebo\;CMake Files\..\;CMake Files\..\..\;CMake Files\..\..\..\;CMake Files\..\..\..\..\;CMake Files\..\..\..\..\usr\;CMake Files\..\..\..\..\usr\local\;CMake Files\..\..\..\..\usr\local\share\;CMake Files\..\..\..\..\usr\local\share\eigen3\;CMake Files\..\..\..\..\usr\local\share\eigen3\cmake\;CMake Files\..\..\..\..\usr\local\share\dart\;CMake Files\..\..\..\..\usr\local\share\dart\cmake\;CMake Files\..\..\..\..\usr\local\share\octomap\;CMake Files\..\..\..\..\usr\local\lib\;CMake Files\..\..\..\..\usr\local\lib\cmake\;CMake Files\..\..\..\..\usr\local\lib\cmake\yaml-cpp\;CMake Files\..\..\..\..\usr\local\lib\cmake\simbody\;CMake Files\..\..\..\..\usr\local\lib\cmake\sdformat\;CMake Files\..\..\..\..\usr\local\lib\cmake\ignition-math4\;CMake Files\..\..\..\..\usr\local\lib\cmake\ignition-cmake0\;CMake Files\..\..\..\..\usr\local\lib\cmake\ignition-cmake0\cmake0\;CMake Files\..\..\..\..\usr\local\lib\cmake\ignition-transport4\;CMake Files\..\..\..\..\usr\local\lib\cmake\ignition-msgs1\;CMake Files\..\..\..\..\usr\local\lib\cmake\ignition-common1\;CMake Files\..\..\..\..\usr\local\lib\cmake\ignition-fuel_tools1\;CMake Files\..\..\..\..\usr\local\lib\cmake\jsoncpp\;CMake Files\..\..\..\..\usr\local\lib\ccd\;CMake Files\..\..\..\..\usr\local\Cellar\;CMake Files\..\..\..\..\usr\local\Cellar\ogre1.9\;CMake Files\..\..\..\..\usr\local\Cellar\ogre1.9\1.9-20160714-108ab0bcc69603dba32c0ffd4bbbc39051f421c9_8\;CMake Files\..\..\..\..\usr\local\Cellar\ogre1.9\1.9-20160714-108ab0bcc69603dba32c0ffd4bbbc39051f421c9_8\share\;CMake Files\..\..\..\..\usr\local\Cellar\ogre1.9\1.9-20160714-108ab0bcc69603dba32c0ffd4bbbc39051f421c9_8\share\OGRE\;CMake Files\..\..\..\..\usr\local\Cellar\ogre1.9\1.9-20160714-108ab0bcc69603dba32c0ffd4bbbc39051f421c9_8\share\OGRE\cmake\;CMake Files\..\..\..\..\usr\local\Cellar\ogre1.9\1.9-20160714-108ab0bcc69603dba32c0ffd4bbbc39051f421c9_8\share\OGRE\cmake\modules\;CMake Files\..\..\installed\;CMake Files\..\..\installed\gazebo_debug\;CMake Files\..\..\installed\gazebo_debug\lib\;CMake Files\..\..\installed\gazebo_debug\lib\cmake\;CMake Files\..\..\installed\gazebo_debug\lib\cmake\gazebo\;"/>
		<Build>
			<Target title="all">
				<Option working_dir="/Users/roy/projects/revolve/cpprevolve"/>
				<Option type="4"/>
				<MakeCommands>
					<Build command="/usr/bin/make -f &quot;/Users/roy/projects/revolve/cpprevolve/Makefile&quot;  VERBOSE=1 all"/>
					<CompileFile command="/usr/bin/make -f &quot;/Users/roy/projects/revolve/cpprevolve/Makefile&quot;  VERBOSE=1 &quot;$file&quot;"/>
					<Clean command="/usr/bin/make -f &quot;/Users/roy/projects/revolve/cpprevolve/Makefile&quot;  VERBOSE=1 clean"/>
					<DistClean command="/usr/bin/make -f &quot;/Users/roy/projects/revolve/cpprevolve/Makefile&quot;  VERBOSE=1 clean"/>
				</MakeCommands>
			</Target>
			<Target title="revolve-learners">
				<Option output="/Users/roy/projects/revolve/cpprevolve/revolve/brains/librevolve-learners.dylib" prefix_auto="0" extension_auto="0"/>
				<Option working_dir="/Users/roy/projects/revolve/cpprevolve/revolve/brains"/>
				<Option object_output="./"/>
				<Option type="3"/>
				<Option compiler="clang"/>
				<Compiler>
					<Add directory="/usr/local/include"/>
					<Add directory="/Users/roy/projects/revolve/thirdparty/limbo/src"/>
					<Add directory="/usr/local/Cellar/nlopt/2.6.1/include"/>
					<Add directory="/usr/local/Cellar/nlopt/2.6.1/lib"/>
				</Compiler>
				<MakeCommands>
					<Build command="/usr/bin/make -f &quot;/Users/roy/projects/revolve/cpprevolve/revolve/brains/Makefile&quot;  VERBOSE=1 revolve-learners"/>
					<CompileFile command="/usr/bin/make -f &quot;/Users/roy/projects/revolve/cpprevolve/revolve/brains/Makefile&quot;  VERBOSE=1 &quot;$file&quot;"/>
					<Clean command="/usr/bin/make -f &quot;/Users/roy/projects/revolve/cpprevolve/revolve/brains/Makefile&quot;  VERBOSE=1 clean"/>
					<DistClean command="/usr/bin/make -f &quot;/Users/roy/projects/revolve/cpprevolve/revolve/brains/Makefile&quot;  VERBOSE=1 clean"/>
				</MakeCommands>
			</Target>
			<Target title="revolve-learners/fast">
				<Option output="/Users/roy/projects/revolve/cpprevolve/revolve/brains/librevolve-learners.dylib" prefix_auto="0" extension_auto="0"/>
				<Option working_dir="/Users/roy/projects/revolve/cpprevolve/revolve/brains"/>
				<Option object_output="./"/>
				<Option type="3"/>
				<Option compiler="clang"/>
				<Compiler>
					<Add directory="/usr/local/include"/>
					<Add directory="/Users/roy/projects/revolve/thirdparty/limbo/src"/>
					<Add directory="/usr/local/Cellar/nlopt/2.6.1/include"/>
					<Add directory="/usr/local/Cellar/nlopt/2.6.1/lib"/>
				</Compiler>
				<MakeCommands>
					<Build command="/usr/bin/make -f &quot;/Users/roy/projects/revolve/cpprevolve/revolve/brains/Makefile&quot;  VERBOSE=1 revolve-learners/fast"/>
					<CompileFile command="/usr/bin/make -f &quot;/Users/roy/projects/revolve/cpprevolve/revolve/brains/Makefile&quot;  VERBOSE=1 &quot;$file&quot;"/>
					<Clean command="/usr/bin/make -f &quot;/Users/roy/projects/revolve/cpprevolve/revolve/brains/Makefile&quot;  VERBOSE=1 clean"/>
					<DistClean command="/usr/bin/make -f &quot;/Users/roy/projects/revolve/cpprevolve/revolve/brains/Makefile&quot;  VERBOSE=1 clean"/>
				</MakeCommands>
			</Target>
			<Target title="revolve-controllers">
				<Option output="/Users/roy/projects/revolve/cpprevolve/revolve/brains/librevolve-controllers.dylib" prefix_auto="0" extension_auto="0"/>
				<Option working_dir="/Users/roy/projects/revolve/cpprevolve/revolve/brains"/>
				<Option object_output="./"/>
				<Option type="3"/>
				<Option compiler="clang"/>
				<Compiler>
					<Add directory="/usr/local/include/eigen3"/>
					<Add directory="/usr/local/include"/>
				</Compiler>
				<MakeCommands>
					<Build command="/usr/bin/make -f &quot;/Users/roy/projects/revolve/cpprevolve/revolve/brains/Makefile&quot;  VERBOSE=1 revolve-controllers"/>
					<CompileFile command="/usr/bin/make -f &quot;/Users/roy/projects/revolve/cpprevolve/revolve/brains/Makefile&quot;  VERBOSE=1 &quot;$file&quot;"/>
					<Clean command="/usr/bin/make -f &quot;/Users/roy/projects/revolve/cpprevolve/revolve/brains/Makefile&quot;  VERBOSE=1 clean"/>
					<DistClean command="/usr/bin/make -f &quot;/Users/roy/projects/revolve/cpprevolve/revolve/brains/Makefile&quot;  VERBOSE=1 clean"/>
				</MakeCommands>
			</Target>
			<Target title="revolve-controllers/fast">
				<Option output="/Users/roy/projects/revolve/cpprevolve/revolve/brains/librevolve-controllers.dylib" prefix_auto="0" extension_auto="0"/>
				<Option working_dir="/Users/roy/projects/revolve/cpprevolve/revolve/brains"/>
				<Option object_output="./"/>
				<Option type="3"/>
				<Option compiler="clang"/>
				<Compiler>
					<Add directory="/usr/local/include/eigen3"/>
					<Add directory="/usr/local/include"/>
				</Compiler>
				<MakeCommands>
					<Build command="/usr/bin/make -f &quot;/Users/roy/projects/revolve/cpprevolve/revolve/brains/Makefile&quot;  VERBOSE=1 revolve-controllers/fast"/>
					<CompileFile command="/usr/bin/make -f &quot;/Users/roy/projects/revolve/cpprevolve/revolve/brains/Makefile&quot;  VERBOSE=1 &quot;$file&quot;"/>
					<Clean command="/usr/bin/make -f &quot;/Users/roy/projects/revolve/cpprevolve/revolve/brains/Makefile&quot;  VERBOSE=1 clean"/>
					<DistClean command="/usr/bin/make -f &quot;/Users/roy/projects/revolve/cpprevolve/revolve/brains/Makefile&quot;  VERBOSE=1 clean"/>
				</MakeCommands>
			</Target>
			<Target title="RobotControlPlugin">
				<Option output="/Users/roy/projects/revolve/build/lib/libRobotControlPlugin.dylib" prefix_auto="0" extension_auto="0"/>
				<Option working_dir="/Users/roy/projects/revolve/cpprevolve/revolve/gazebo"/>
				<Option object_output="./"/>
				<Option type="3"/>
				<Option compiler="clang"/>
				<Compiler>
					<Add option="-DSOURCE_DIR=/Users/roy/projects/revolve"/>
					<Add option="-DLIBBULLET_VERSION=2.88"/>
					<Add option="-DLIBBULLET_VERSION_GT_282"/>
					<Add option="-DBOOST_TEST_DYN_LINK"/>
					<Add option="-DUSE_NLOPT"/>
					<Add directory="/Users/roy/projects/revolve/cpprevolve"/>
					<Add directory="/usr/local/Cellar/nlopt/2.6.1/include"/>
					<Add directory="/Users/roy/projects/revolve/thirdparty/limbo/src"/>
					<Add directory="/usr/local/Cellar/gsl/2.5/include"/>
					<Add directory="/usr/local/lib/cmake/yaml-cpp/../../../include"/>
					<Add directory="/Users/roy/installed/gazebo_debug/include"/>
					<Add directory="/Users/roy/installed/gazebo_debug/include/gazebo-10"/>
					<Add directory="/usr/local/Cellar/bullet/2.88/include/bullet"/>
					<Add directory="/usr/local/Cellar/bullet/2.88/include"/>
					<Add directory="/usr/local/Cellar/sdformat6/6.2.0_1/include/sdformat-6.2"/>
					<Add directory="/usr/local/Cellar/ogre1.9/1.9-20160714-108ab0bcc69603dba32c0ffd4bbbc39051f421c9_8/include/OGRE"/>
					<Add directory="/usr/local/Cellar/ogre1.9/1.9-20160714-108ab0bcc69603dba32c0ffd4bbbc39051f421c9_8/include"/>
					<Add directory="/usr/local/Cellar/ogre1.9/1.9-20160714-108ab0bcc69603dba32c0ffd4bbbc39051f421c9_8/include/OGRE/Terrain"/>
					<Add directory="/usr/local/Cellar/ogre1.9/1.9-20160714-108ab0bcc69603dba32c0ffd4bbbc39051f421c9_8/include/OGRE/Paging"/>
					<Add directory="/Users/roy/projects/revolve"/>
					<Add directory="/Users/roy/installed/gazebo_debug/include/gazebo-10/gazebo/msgs"/>
					<Add directory="/Users/roy/projects/revolve/cpprevolve/revolve/gazebo"/>
					<Add directory="/usr/local/include"/>
					<Add directory="/usr/local/include/eigen3"/>
					<Add directory="/usr/local/include/simbody"/>
					<Add directory="/usr/local/include/ignition/math4"/>
					<Add directory="/usr/local/include/ignition/transport4"/>
					<Add directory="/usr/local/include/ignition/msgs1"/>
					<Add directory="/usr/local/include/ignition/common1"/>
					<Add directory="/usr/local/include/ignition/fuel_tools1"/>
					<Add directory="/usr/local/Cellar/ffmpeg/4.1.3_1/include"/>
					<Add directory="/usr/local/Cellar/fcl/0.5.0_1/include"/>
					<Add directory="/usr/local/Cellar/assimp/4.1.0/include"/>
					<Add directory="/usr/local/Cellar/ossp-uuid/1.6.2_2/include/ossp"/>
				</Compiler>
				<MakeCommands>
					<Build command="/usr/bin/make -f &quot;/Users/roy/projects/revolve/cpprevolve/revolve/gazebo/Makefile&quot;  VERBOSE=1 RobotControlPlugin"/>
					<CompileFile command="/usr/bin/make -f &quot;/Users/roy/projects/revolve/cpprevolve/revolve/gazebo/Makefile&quot;  VERBOSE=1 &quot;$file&quot;"/>
					<Clean command="/usr/bin/make -f &quot;/Users/roy/projects/revolve/cpprevolve/revolve/gazebo/Makefile&quot;  VERBOSE=1 clean"/>
					<DistClean command="/usr/bin/make -f &quot;/Users/roy/projects/revolve/cpprevolve/revolve/gazebo/Makefile&quot;  VERBOSE=1 clean"/>
				</MakeCommands>
			</Target>
			<Target title="RobotControlPlugin/fast">
				<Option output="/Users/roy/projects/revolve/build/lib/libRobotControlPlugin.dylib" prefix_auto="0" extension_auto="0"/>
				<Option working_dir="/Users/roy/projects/revolve/cpprevolve/revolve/gazebo"/>
				<Option object_output="./"/>
				<Option type="3"/>
				<Option compiler="clang"/>
				<Compiler>
					<Add option="-DSOURCE_DIR=/Users/roy/projects/revolve"/>
					<Add option="-DLIBBULLET_VERSION=2.88"/>
					<Add option="-DLIBBULLET_VERSION_GT_282"/>
					<Add option="-DBOOST_TEST_DYN_LINK"/>
					<Add option="-DUSE_NLOPT"/>
					<Add directory="/Users/roy/projects/revolve/cpprevolve"/>
					<Add directory="/usr/local/Cellar/nlopt/2.6.1/include"/>
					<Add directory="/Users/roy/projects/revolve/thirdparty/limbo/src"/>
					<Add directory="/usr/local/Cellar/gsl/2.5/include"/>
					<Add directory="/usr/local/lib/cmake/yaml-cpp/../../../include"/>
					<Add directory="/Users/roy/installed/gazebo_debug/include"/>
					<Add directory="/Users/roy/installed/gazebo_debug/include/gazebo-10"/>
					<Add directory="/usr/local/Cellar/bullet/2.88/include/bullet"/>
					<Add directory="/usr/local/Cellar/bullet/2.88/include"/>
					<Add directory="/usr/local/Cellar/sdformat6/6.2.0_1/include/sdformat-6.2"/>
					<Add directory="/usr/local/Cellar/ogre1.9/1.9-20160714-108ab0bcc69603dba32c0ffd4bbbc39051f421c9_8/include/OGRE"/>
					<Add directory="/usr/local/Cellar/ogre1.9/1.9-20160714-108ab0bcc69603dba32c0ffd4bbbc39051f421c9_8/include"/>
					<Add directory="/usr/local/Cellar/ogre1.9/1.9-20160714-108ab0bcc69603dba32c0ffd4bbbc39051f421c9_8/include/OGRE/Terrain"/>
					<Add directory="/usr/local/Cellar/ogre1.9/1.9-20160714-108ab0bcc69603dba32c0ffd4bbbc39051f421c9_8/include/OGRE/Paging"/>
					<Add directory="/Users/roy/projects/revolve"/>
					<Add directory="/Users/roy/installed/gazebo_debug/include/gazebo-10/gazebo/msgs"/>
					<Add directory="/Users/roy/projects/revolve/cpprevolve/revolve/gazebo"/>
					<Add directory="/usr/local/include"/>
					<Add directory="/usr/local/include/eigen3"/>
					<Add directory="/usr/local/include/simbody"/>
					<Add directory="/usr/local/include/ignition/math4"/>
					<Add directory="/usr/local/include/ignition/transport4"/>
					<Add directory="/usr/local/include/ignition/msgs1"/>
					<Add directory="/usr/local/include/ignition/common1"/>
					<Add directory="/usr/local/include/ignition/fuel_tools1"/>
					<Add directory="/usr/local/Cellar/ffmpeg/4.1.3_1/include"/>
					<Add directory="/usr/local/Cellar/fcl/0.5.0_1/include"/>
					<Add directory="/usr/local/Cellar/assimp/4.1.0/include"/>
					<Add directory="/usr/local/Cellar/ossp-uuid/1.6.2_2/include/ossp"/>
				</Compiler>
				<MakeCommands>
					<Build command="/usr/bin/make -f &quot;/Users/roy/projects/revolve/cpprevolve/revolve/gazebo/Makefile&quot;  VERBOSE=1 RobotControlPlugin/fast"/>
					<CompileFile command="/usr/bin/make -f &quot;/Users/roy/projects/revolve/cpprevolve/revolve/gazebo/Makefile&quot;  VERBOSE=1 &quot;$file&quot;"/>
					<Clean command="/usr/bin/make -f &quot;/Users/roy/projects/revolve/cpprevolve/revolve/gazebo/Makefile&quot;  VERBOSE=1 clean"/>
					<DistClean command="/usr/bin/make -f &quot;/Users/roy/projects/revolve/cpprevolve/revolve/gazebo/Makefile&quot;  VERBOSE=1 clean"/>
				</MakeCommands>
			</Target>
			<Target title="revolve-proto">
				<Option output="/Users/roy/projects/revolve/build/lib/librevolve-proto.a" prefix_auto="0" extension_auto="0"/>
				<Option working_dir="/Users/roy/projects/revolve/cpprevolve/revolve/gazebo"/>
				<Option object_output="./"/>
				<Option type="2"/>
				<Option compiler="clang"/>
				<Compiler>
					<Add option="-DSOURCE_DIR=/Users/roy/projects/revolve"/>
					<Add option="-DLIBBULLET_VERSION=2.88"/>
					<Add option="-DLIBBULLET_VERSION_GT_282"/>
					<Add option="-DBOOST_TEST_DYN_LINK"/>
					<Add directory="/Users/roy/projects/revolve/cpprevolve"/>
					<Add directory="/usr/local/include"/>
					<Add directory="/usr/local/include/eigen3"/>
					<Add directory="/usr/local/Cellar/nlopt/2.6.1/include"/>
					<Add directory="/Users/roy/projects/revolve/thirdparty/limbo/src"/>
					<Add directory="/usr/local/Cellar/gsl/2.5/include"/>
					<Add directory="/usr/local/lib/cmake/yaml-cpp/../../../include"/>
					<Add directory="/Users/roy/installed/gazebo_debug/include"/>
					<Add directory="/Users/roy/installed/gazebo_debug/include/gazebo-10"/>
					<Add directory="/usr/local/Cellar/bullet/2.88/include/bullet"/>
					<Add directory="/usr/local/Cellar/bullet/2.88/include"/>
					<Add directory="/usr/local/include/simbody"/>
					<Add directory="/usr/local/Cellar/sdformat6/6.2.0_1/include/sdformat-6.2"/>
					<Add directory="/usr/local/include/ignition/math4"/>
					<Add directory="/usr/local/Cellar/ogre1.9/1.9-20160714-108ab0bcc69603dba32c0ffd4bbbc39051f421c9_8/include/OGRE"/>
					<Add directory="/usr/local/Cellar/ogre1.9/1.9-20160714-108ab0bcc69603dba32c0ffd4bbbc39051f421c9_8/include"/>
					<Add directory="/usr/local/Cellar/ogre1.9/1.9-20160714-108ab0bcc69603dba32c0ffd4bbbc39051f421c9_8/include/OGRE/Terrain"/>
					<Add directory="/usr/local/Cellar/ogre1.9/1.9-20160714-108ab0bcc69603dba32c0ffd4bbbc39051f421c9_8/include/OGRE/Paging"/>
					<Add directory="/usr/local/include/ignition/transport4"/>
					<Add directory="/usr/local/include/ignition/msgs1"/>
					<Add directory="/usr/local/include/ignition/common1"/>
					<Add directory="/usr/local/include/ignition/fuel_tools1"/>
					<Add directory="/usr/local/Cellar/ffmpeg/4.1.3_1/include"/>
					<Add directory="/Users/roy/projects/revolve"/>
					<Add directory="/Users/roy/installed/gazebo_debug/include/gazebo-10/gazebo/msgs"/>
					<Add directory="/Users/roy/projects/revolve/cpprevolve/revolve/gazebo"/>
				</Compiler>
				<MakeCommands>
					<Build command="/usr/bin/make -f &quot;/Users/roy/projects/revolve/cpprevolve/revolve/gazebo/Makefile&quot;  VERBOSE=1 revolve-proto"/>
					<CompileFile command="/usr/bin/make -f &quot;/Users/roy/projects/revolve/cpprevolve/revolve/gazebo/Makefile&quot;  VERBOSE=1 &quot;$file&quot;"/>
					<Clean command="/usr/bin/make -f &quot;/Users/roy/projects/revolve/cpprevolve/revolve/gazebo/Makefile&quot;  VERBOSE=1 clean"/>
					<DistClean command="/usr/bin/make -f &quot;/Users/roy/projects/revolve/cpprevolve/revolve/gazebo/Makefile&quot;  VERBOSE=1 clean"/>
				</MakeCommands>
			</Target>
			<Target title="revolve-proto/fast">
				<Option output="/Users/roy/projects/revolve/build/lib/librevolve-proto.a" prefix_auto="0" extension_auto="0"/>
				<Option working_dir="/Users/roy/projects/revolve/cpprevolve/revolve/gazebo"/>
				<Option object_output="./"/>
				<Option type="2"/>
				<Option compiler="clang"/>
				<Compiler>
					<Add option="-DSOURCE_DIR=/Users/roy/projects/revolve"/>
					<Add option="-DLIBBULLET_VERSION=2.88"/>
					<Add option="-DLIBBULLET_VERSION_GT_282"/>
					<Add option="-DBOOST_TEST_DYN_LINK"/>
					<Add directory="/Users/roy/projects/revolve/cpprevolve"/>
					<Add directory="/usr/local/include"/>
					<Add directory="/usr/local/include/eigen3"/>
					<Add directory="/usr/local/Cellar/nlopt/2.6.1/include"/>
					<Add directory="/Users/roy/projects/revolve/thirdparty/limbo/src"/>
					<Add directory="/usr/local/Cellar/gsl/2.5/include"/>
					<Add directory="/usr/local/lib/cmake/yaml-cpp/../../../include"/>
					<Add directory="/Users/roy/installed/gazebo_debug/include"/>
					<Add directory="/Users/roy/installed/gazebo_debug/include/gazebo-10"/>
					<Add directory="/usr/local/Cellar/bullet/2.88/include/bullet"/>
					<Add directory="/usr/local/Cellar/bullet/2.88/include"/>
					<Add directory="/usr/local/include/simbody"/>
					<Add directory="/usr/local/Cellar/sdformat6/6.2.0_1/include/sdformat-6.2"/>
					<Add directory="/usr/local/include/ignition/math4"/>
					<Add directory="/usr/local/Cellar/ogre1.9/1.9-20160714-108ab0bcc69603dba32c0ffd4bbbc39051f421c9_8/include/OGRE"/>
					<Add directory="/usr/local/Cellar/ogre1.9/1.9-20160714-108ab0bcc69603dba32c0ffd4bbbc39051f421c9_8/include"/>
					<Add directory="/usr/local/Cellar/ogre1.9/1.9-20160714-108ab0bcc69603dba32c0ffd4bbbc39051f421c9_8/include/OGRE/Terrain"/>
					<Add directory="/usr/local/Cellar/ogre1.9/1.9-20160714-108ab0bcc69603dba32c0ffd4bbbc39051f421c9_8/include/OGRE/Paging"/>
					<Add directory="/usr/local/include/ignition/transport4"/>
					<Add directory="/usr/local/include/ignition/msgs1"/>
					<Add directory="/usr/local/include/ignition/common1"/>
					<Add directory="/usr/local/include/ignition/fuel_tools1"/>
					<Add directory="/usr/local/Cellar/ffmpeg/4.1.3_1/include"/>
					<Add directory="/Users/roy/projects/revolve"/>
					<Add directory="/Users/roy/installed/gazebo_debug/include/gazebo-10/gazebo/msgs"/>
					<Add directory="/Users/roy/projects/revolve/cpprevolve/revolve/gazebo"/>
				</Compiler>
				<MakeCommands>
					<Build command="/usr/bin/make -f &quot;/Users/roy/projects/revolve/cpprevolve/revolve/gazebo/Makefile&quot;  VERBOSE=1 revolve-proto/fast"/>
					<CompileFile command="/usr/bin/make -f &quot;/Users/roy/projects/revolve/cpprevolve/revolve/gazebo/Makefile&quot;  VERBOSE=1 &quot;$file&quot;"/>
					<Clean command="/usr/bin/make -f &quot;/Users/roy/projects/revolve/cpprevolve/revolve/gazebo/Makefile&quot;  VERBOSE=1 clean"/>
					<DistClean command="/usr/bin/make -f &quot;/Users/roy/projects/revolve/cpprevolve/revolve/gazebo/Makefile&quot;  VERBOSE=1 clean"/>
				</MakeCommands>
			</Target>
			<Target title="WorldControlPlugin">
				<Option output="/Users/roy/projects/revolve/build/lib/libWorldControlPlugin.dylib" prefix_auto="0" extension_auto="0"/>
				<Option working_dir="/Users/roy/projects/revolve/cpprevolve/revolve/gazebo"/>
				<Option object_output="./"/>
				<Option type="3"/>
				<Option compiler="clang"/>
				<Compiler>
					<Add option="-DSOURCE_DIR=/Users/roy/projects/revolve"/>
					<Add option="-DLIBBULLET_VERSION=2.88"/>
					<Add option="-DLIBBULLET_VERSION_GT_282"/>
					<Add option="-DBOOST_TEST_DYN_LINK"/>
					<Add option="-DUSE_NLOPT"/>
					<Add directory="/Users/roy/projects/revolve/cpprevolve"/>
					<Add directory="/usr/local/Cellar/nlopt/2.6.1/include"/>
					<Add directory="/Users/roy/projects/revolve/thirdparty/limbo/src"/>
					<Add directory="/usr/local/Cellar/gsl/2.5/include"/>
					<Add directory="/usr/local/lib/cmake/yaml-cpp/../../../include"/>
					<Add directory="/Users/roy/installed/gazebo_debug/include"/>
					<Add directory="/Users/roy/installed/gazebo_debug/include/gazebo-10"/>
					<Add directory="/usr/local/Cellar/bullet/2.88/include/bullet"/>
					<Add directory="/usr/local/Cellar/bullet/2.88/include"/>
					<Add directory="/usr/local/Cellar/sdformat6/6.2.0_1/include/sdformat-6.2"/>
					<Add directory="/usr/local/Cellar/ogre1.9/1.9-20160714-108ab0bcc69603dba32c0ffd4bbbc39051f421c9_8/include/OGRE"/>
					<Add directory="/usr/local/Cellar/ogre1.9/1.9-20160714-108ab0bcc69603dba32c0ffd4bbbc39051f421c9_8/include"/>
					<Add directory="/usr/local/Cellar/ogre1.9/1.9-20160714-108ab0bcc69603dba32c0ffd4bbbc39051f421c9_8/include/OGRE/Terrain"/>
					<Add directory="/usr/local/Cellar/ogre1.9/1.9-20160714-108ab0bcc69603dba32c0ffd4bbbc39051f421c9_8/include/OGRE/Paging"/>
					<Add directory="/Users/roy/projects/revolve"/>
					<Add directory="/Users/roy/installed/gazebo_debug/include/gazebo-10/gazebo/msgs"/>
					<Add directory="/Users/roy/projects/revolve/cpprevolve/revolve/gazebo"/>
					<Add directory="/usr/local/include"/>
					<Add directory="/usr/local/include/eigen3"/>
					<Add directory="/usr/local/include/simbody"/>
					<Add directory="/usr/local/include/ignition/math4"/>
					<Add directory="/usr/local/include/ignition/transport4"/>
					<Add directory="/usr/local/include/ignition/msgs1"/>
					<Add directory="/usr/local/include/ignition/common1"/>
					<Add directory="/usr/local/include/ignition/fuel_tools1"/>
					<Add directory="/usr/local/Cellar/ffmpeg/4.1.3_1/include"/>
					<Add directory="/usr/local/Cellar/fcl/0.5.0_1/include"/>
					<Add directory="/usr/local/Cellar/assimp/4.1.0/include"/>
					<Add directory="/usr/local/Cellar/ossp-uuid/1.6.2_2/include/ossp"/>
				</Compiler>
				<MakeCommands>
					<Build command="/usr/bin/make -f &quot;/Users/roy/projects/revolve/cpprevolve/revolve/gazebo/Makefile&quot;  VERBOSE=1 WorldControlPlugin"/>
					<CompileFile command="/usr/bin/make -f &quot;/Users/roy/projects/revolve/cpprevolve/revolve/gazebo/Makefile&quot;  VERBOSE=1 &quot;$file&quot;"/>
					<Clean command="/usr/bin/make -f &quot;/Users/roy/projects/revolve/cpprevolve/revolve/gazebo/Makefile&quot;  VERBOSE=1 clean"/>
					<DistClean command="/usr/bin/make -f &quot;/Users/roy/projects/revolve/cpprevolve/revolve/gazebo/Makefile&quot;  VERBOSE=1 clean"/>
				</MakeCommands>
			</Target>
			<Target title="WorldControlPlugin/fast">
				<Option output="/Users/roy/projects/revolve/build/lib/libWorldControlPlugin.dylib" prefix_auto="0" extension_auto="0"/>
				<Option working_dir="/Users/roy/projects/revolve/cpprevolve/revolve/gazebo"/>
				<Option object_output="./"/>
				<Option type="3"/>
				<Option compiler="clang"/>
				<Compiler>
					<Add option="-DSOURCE_DIR=/Users/roy/projects/revolve"/>
					<Add option="-DLIBBULLET_VERSION=2.88"/>
					<Add option="-DLIBBULLET_VERSION_GT_282"/>
					<Add option="-DBOOST_TEST_DYN_LINK"/>
					<Add option="-DUSE_NLOPT"/>
					<Add directory="/Users/roy/projects/revolve/cpprevolve"/>
					<Add directory="/usr/local/Cellar/nlopt/2.6.1/include"/>
					<Add directory="/Users/roy/projects/revolve/thirdparty/limbo/src"/>
					<Add directory="/usr/local/Cellar/gsl/2.5/include"/>
					<Add directory="/usr/local/lib/cmake/yaml-cpp/../../../include"/>
					<Add directory="/Users/roy/installed/gazebo_debug/include"/>
					<Add directory="/Users/roy/installed/gazebo_debug/include/gazebo-10"/>
					<Add directory="/usr/local/Cellar/bullet/2.88/include/bullet"/>
					<Add directory="/usr/local/Cellar/bullet/2.88/include"/>
					<Add directory="/usr/local/Cellar/sdformat6/6.2.0_1/include/sdformat-6.2"/>
					<Add directory="/usr/local/Cellar/ogre1.9/1.9-20160714-108ab0bcc69603dba32c0ffd4bbbc39051f421c9_8/include/OGRE"/>
					<Add directory="/usr/local/Cellar/ogre1.9/1.9-20160714-108ab0bcc69603dba32c0ffd4bbbc39051f421c9_8/include"/>
					<Add directory="/usr/local/Cellar/ogre1.9/1.9-20160714-108ab0bcc69603dba32c0ffd4bbbc39051f421c9_8/include/OGRE/Terrain"/>
					<Add directory="/usr/local/Cellar/ogre1.9/1.9-20160714-108ab0bcc69603dba32c0ffd4bbbc39051f421c9_8/include/OGRE/Paging"/>
					<Add directory="/Users/roy/projects/revolve"/>
					<Add directory="/Users/roy/installed/gazebo_debug/include/gazebo-10/gazebo/msgs"/>
					<Add directory="/Users/roy/projects/revolve/cpprevolve/revolve/gazebo"/>
					<Add directory="/usr/local/include"/>
					<Add directory="/usr/local/include/eigen3"/>
					<Add directory="/usr/local/include/simbody"/>
					<Add directory="/usr/local/include/ignition/math4"/>
					<Add directory="/usr/local/include/ignition/transport4"/>
					<Add directory="/usr/local/include/ignition/msgs1"/>
					<Add directory="/usr/local/include/ignition/common1"/>
					<Add directory="/usr/local/include/ignition/fuel_tools1"/>
					<Add directory="/usr/local/Cellar/ffmpeg/4.1.3_1/include"/>
					<Add directory="/usr/local/Cellar/fcl/0.5.0_1/include"/>
					<Add directory="/usr/local/Cellar/assimp/4.1.0/include"/>
					<Add directory="/usr/local/Cellar/ossp-uuid/1.6.2_2/include/ossp"/>
				</Compiler>
				<MakeCommands>
					<Build command="/usr/bin/make -f &quot;/Users/roy/projects/revolve/cpprevolve/revolve/gazebo/Makefile&quot;  VERBOSE=1 WorldControlPlugin/fast"/>
					<CompileFile command="/usr/bin/make -f &quot;/Users/roy/projects/revolve/cpprevolve/revolve/gazebo/Makefile&quot;  VERBOSE=1 &quot;$file&quot;"/>
					<Clean command="/usr/bin/make -f &quot;/Users/roy/projects/revolve/cpprevolve/revolve/gazebo/Makefile&quot;  VERBOSE=1 clean"/>
					<DistClean command="/usr/bin/make -f &quot;/Users/roy/projects/revolve/cpprevolve/revolve/gazebo/Makefile&quot;  VERBOSE=1 clean"/>
				</MakeCommands>
			</Target>
			<Target title="revolve-gazebo">
				<Option output="/Users/roy/projects/revolve/build/lib/librevolve-gazebo.a" prefix_auto="0" extension_auto="0"/>
				<Option working_dir="/Users/roy/projects/revolve/cpprevolve/revolve/gazebo"/>
				<Option object_output="./"/>
				<Option type="2"/>
				<Option compiler="clang"/>
				<Compiler>
					<Add option="-DUSE_NLOPT"/>
					<Add option="-DSOURCE_DIR=/Users/roy/projects/revolve"/>
					<Add option="-DLIBBULLET_VERSION=2.88"/>
					<Add option="-DLIBBULLET_VERSION_GT_282"/>
					<Add option="-DBOOST_TEST_DYN_LINK"/>
					<Add directory="/Users/roy/projects/revolve/cpprevolve"/>
					<Add directory="/usr/local/Cellar/nlopt/2.6.1/include"/>
					<Add directory="/Users/roy/projects/revolve/thirdparty/limbo/src"/>
					<Add directory="/usr/local/Cellar/gsl/2.5/include"/>
					<Add directory="/usr/local/lib/cmake/yaml-cpp/../../../include"/>
					<Add directory="/Users/roy/installed/gazebo_debug/include"/>
					<Add directory="/Users/roy/installed/gazebo_debug/include/gazebo-10"/>
					<Add directory="/usr/local/Cellar/bullet/2.88/include/bullet"/>
					<Add directory="/usr/local/Cellar/bullet/2.88/include"/>
					<Add directory="/usr/local/Cellar/sdformat6/6.2.0_1/include/sdformat-6.2"/>
					<Add directory="/usr/local/Cellar/ogre1.9/1.9-20160714-108ab0bcc69603dba32c0ffd4bbbc39051f421c9_8/include/OGRE"/>
					<Add directory="/usr/local/Cellar/ogre1.9/1.9-20160714-108ab0bcc69603dba32c0ffd4bbbc39051f421c9_8/include"/>
					<Add directory="/usr/local/Cellar/ogre1.9/1.9-20160714-108ab0bcc69603dba32c0ffd4bbbc39051f421c9_8/include/OGRE/Terrain"/>
					<Add directory="/usr/local/Cellar/ogre1.9/1.9-20160714-108ab0bcc69603dba32c0ffd4bbbc39051f421c9_8/include/OGRE/Paging"/>
					<Add directory="/Users/roy/projects/revolve"/>
					<Add directory="/Users/roy/installed/gazebo_debug/include/gazebo-10/gazebo/msgs"/>
					<Add directory="/Users/roy/projects/revolve/cpprevolve/revolve/gazebo"/>
					<Add directory="/usr/local/include"/>
					<Add directory="/usr/local/include/eigen3"/>
					<Add directory="/usr/local/include/simbody"/>
					<Add directory="/usr/local/include/ignition/math4"/>
					<Add directory="/usr/local/include/ignition/transport4"/>
					<Add directory="/usr/local/include/ignition/msgs1"/>
					<Add directory="/usr/local/include/ignition/common1"/>
					<Add directory="/usr/local/include/ignition/fuel_tools1"/>
					<Add directory="/usr/local/Cellar/ffmpeg/4.1.3_1/include"/>
					<Add directory="/usr/local/Cellar/fcl/0.5.0_1/include"/>
					<Add directory="/usr/local/Cellar/assimp/4.1.0/include"/>
					<Add directory="/usr/local/Cellar/ossp-uuid/1.6.2_2/include/ossp"/>
				</Compiler>
				<MakeCommands>
					<Build command="/usr/bin/make -f &quot;/Users/roy/projects/revolve/cpprevolve/revolve/gazebo/Makefile&quot;  VERBOSE=1 revolve-gazebo"/>
					<CompileFile command="/usr/bin/make -f &quot;/Users/roy/projects/revolve/cpprevolve/revolve/gazebo/Makefile&quot;  VERBOSE=1 &quot;$file&quot;"/>
					<Clean command="/usr/bin/make -f &quot;/Users/roy/projects/revolve/cpprevolve/revolve/gazebo/Makefile&quot;  VERBOSE=1 clean"/>
					<DistClean command="/usr/bin/make -f &quot;/Users/roy/projects/revolve/cpprevolve/revolve/gazebo/Makefile&quot;  VERBOSE=1 clean"/>
				</MakeCommands>
			</Target>
			<Target title="revolve-gazebo/fast">
				<Option output="/Users/roy/projects/revolve/build/lib/librevolve-gazebo.a" prefix_auto="0" extension_auto="0"/>
				<Option working_dir="/Users/roy/projects/revolve/cpprevolve/revolve/gazebo"/>
				<Option object_output="./"/>
				<Option type="2"/>
				<Option compiler="clang"/>
				<Compiler>
					<Add option="-DUSE_NLOPT"/>
					<Add option="-DSOURCE_DIR=/Users/roy/projects/revolve"/>
					<Add option="-DLIBBULLET_VERSION=2.88"/>
					<Add option="-DLIBBULLET_VERSION_GT_282"/>
					<Add option="-DBOOST_TEST_DYN_LINK"/>
					<Add directory="/Users/roy/projects/revolve/cpprevolve"/>
					<Add directory="/usr/local/Cellar/nlopt/2.6.1/include"/>
					<Add directory="/Users/roy/projects/revolve/thirdparty/limbo/src"/>
					<Add directory="/usr/local/Cellar/gsl/2.5/include"/>
					<Add directory="/usr/local/lib/cmake/yaml-cpp/../../../include"/>
					<Add directory="/Users/roy/installed/gazebo_debug/include"/>
					<Add directory="/Users/roy/installed/gazebo_debug/include/gazebo-10"/>
					<Add directory="/usr/local/Cellar/bullet/2.88/include/bullet"/>
					<Add directory="/usr/local/Cellar/bullet/2.88/include"/>
					<Add directory="/usr/local/Cellar/sdformat6/6.2.0_1/include/sdformat-6.2"/>
					<Add directory="/usr/local/Cellar/ogre1.9/1.9-20160714-108ab0bcc69603dba32c0ffd4bbbc39051f421c9_8/include/OGRE"/>
					<Add directory="/usr/local/Cellar/ogre1.9/1.9-20160714-108ab0bcc69603dba32c0ffd4bbbc39051f421c9_8/include"/>
					<Add directory="/usr/local/Cellar/ogre1.9/1.9-20160714-108ab0bcc69603dba32c0ffd4bbbc39051f421c9_8/include/OGRE/Terrain"/>
					<Add directory="/usr/local/Cellar/ogre1.9/1.9-20160714-108ab0bcc69603dba32c0ffd4bbbc39051f421c9_8/include/OGRE/Paging"/>
					<Add directory="/Users/roy/projects/revolve"/>
					<Add directory="/Users/roy/installed/gazebo_debug/include/gazebo-10/gazebo/msgs"/>
					<Add directory="/Users/roy/projects/revolve/cpprevolve/revolve/gazebo"/>
					<Add directory="/usr/local/include"/>
					<Add directory="/usr/local/include/eigen3"/>
					<Add directory="/usr/local/include/simbody"/>
					<Add directory="/usr/local/include/ignition/math4"/>
					<Add directory="/usr/local/include/ignition/transport4"/>
					<Add directory="/usr/local/include/ignition/msgs1"/>
					<Add directory="/usr/local/include/ignition/common1"/>
					<Add directory="/usr/local/include/ignition/fuel_tools1"/>
					<Add directory="/usr/local/Cellar/ffmpeg/4.1.3_1/include"/>
					<Add directory="/usr/local/Cellar/fcl/0.5.0_1/include"/>
					<Add directory="/usr/local/Cellar/assimp/4.1.0/include"/>
					<Add directory="/usr/local/Cellar/ossp-uuid/1.6.2_2/include/ossp"/>
				</Compiler>
				<MakeCommands>
					<Build command="/usr/bin/make -f &quot;/Users/roy/projects/revolve/cpprevolve/revolve/gazebo/Makefile&quot;  VERBOSE=1 revolve-gazebo/fast"/>
					<CompileFile command="/usr/bin/make -f &quot;/Users/roy/projects/revolve/cpprevolve/revolve/gazebo/Makefile&quot;  VERBOSE=1 &quot;$file&quot;"/>
					<Clean command="/usr/bin/make -f &quot;/Users/roy/projects/revolve/cpprevolve/revolve/gazebo/Makefile&quot;  VERBOSE=1 clean"/>
					<DistClean command="/usr/bin/make -f &quot;/Users/roy/projects/revolve/cpprevolve/revolve/gazebo/Makefile&quot;  VERBOSE=1 clean"/>
				</MakeCommands>
			</Target>
		</Build>
		<Unit filename="/Users/roy/projects/revolve/cpprevolve/revolve/brains/controller/DifferentialCPG.cpp">
			<Option target="revolve-controllers"/>
		</Unit>
		<Unit filename="/Users/roy/projects/revolve/cpprevolve/revolve/brains/controller/DifferentialCPG.h">
			<Option target="revolve-controllers"/>
		</Unit>
		<Unit filename="/Users/roy/projects/revolve/cpprevolve/revolve/brains/learner/BayesianOptimizer.cpp">
			<Option target="revolve-learners"/>
		</Unit>
		<Unit filename="/Users/roy/projects/revolve/cpprevolve/revolve/brains/learner/BayesianOptimizer.h">
			<Option target="revolve-learners"/>
		</Unit>
		<Unit filename="/Users/roy/projects/revolve/cpprevolve/revolve/gazebo/battery/Battery.cpp">
			<Option target="revolve-gazebo"/>
		</Unit>
		<Unit filename="/Users/roy/projects/revolve/cpprevolve/revolve/gazebo/battery/Battery.h">
			<Option target="revolve-gazebo"/>
		</Unit>
		<Unit filename="/Users/roy/projects/revolve/cpprevolve/revolve/gazebo/brains/BrainFactory.cpp">
			<Option target="revolve-gazebo"/>
		</Unit>
		<Unit filename="/Users/roy/projects/revolve/cpprevolve/revolve/gazebo/brains/BrainFactory.h">
			<Option target="revolve-gazebo"/>
		</Unit>
		<Unit filename="/Users/roy/projects/revolve/cpprevolve/revolve/gazebo/brains/DifferentialCPG.cpp">
			<Option target="revolve-gazebo"/>
		</Unit>
		<Unit filename="/Users/roy/projects/revolve/cpprevolve/revolve/gazebo/brains/DifferentialCPG.h">
			<Option target="revolve-gazebo"/>
		</Unit>
		<Unit filename="/Users/roy/projects/revolve/cpprevolve/revolve/gazebo/brains/Evaluator.cpp">
			<Option target="revolve-gazebo"/>
		</Unit>
		<Unit filename="/Users/roy/projects/revolve/cpprevolve/revolve/gazebo/brains/Evaluator.h">
			<Option target="revolve-gazebo"/>
		</Unit>
		<Unit filename="/Users/roy/projects/revolve/cpprevolve/revolve/gazebo/brains/NeuralNetwork.cpp">
			<Option target="revolve-gazebo"/>
		</Unit>
		<Unit filename="/Users/roy/projects/revolve/cpprevolve/revolve/gazebo/brains/NeuralNetwork.h">
			<Option target="revolve-gazebo"/>
		</Unit>
		<Unit filename="/Users/roy/projects/revolve/cpprevolve/revolve/gazebo/brains/RLPower.cpp">
			<Option target="revolve-gazebo"/>
		</Unit>
		<Unit filename="/Users/roy/projects/revolve/cpprevolve/revolve/gazebo/brains/RLPower.h">
			<Option target="revolve-gazebo"/>
		</Unit>
		<Unit filename="/Users/roy/projects/revolve/cpprevolve/revolve/gazebo/brains/ThymioBrain.cpp">
			<Option target="revolve-gazebo"/>
		</Unit>
		<Unit filename="/Users/roy/projects/revolve/cpprevolve/revolve/gazebo/brains/ThymioBrain.h">
			<Option target="revolve-gazebo"/>
		</Unit>
		<Unit filename="/Users/roy/projects/revolve/cpprevolve/revolve/gazebo/motors/JointMotor.cpp">
			<Option target="revolve-gazebo"/>
		</Unit>
		<Unit filename="/Users/roy/projects/revolve/cpprevolve/revolve/gazebo/motors/JointMotor.h">
			<Option target="revolve-gazebo"/>
		</Unit>
		<Unit filename="/Users/roy/projects/revolve/cpprevolve/revolve/gazebo/motors/Motor.cpp">
			<Option target="revolve-gazebo"/>
		</Unit>
		<Unit filename="/Users/roy/projects/revolve/cpprevolve/revolve/gazebo/motors/Motor.h">
			<Option target="revolve-gazebo"/>
		</Unit>
		<Unit filename="/Users/roy/projects/revolve/cpprevolve/revolve/gazebo/motors/MotorFactory.cpp">
			<Option target="revolve-gazebo"/>
		</Unit>
		<Unit filename="/Users/roy/projects/revolve/cpprevolve/revolve/gazebo/motors/MotorFactory.h">
			<Option target="revolve-gazebo"/>
		</Unit>
		<Unit filename="/Users/roy/projects/revolve/cpprevolve/revolve/gazebo/motors/PositionMotor.cpp">
			<Option target="revolve-gazebo"/>
		</Unit>
		<Unit filename="/Users/roy/projects/revolve/cpprevolve/revolve/gazebo/motors/PositionMotor.h">
			<Option target="revolve-gazebo"/>
		</Unit>
		<Unit filename="/Users/roy/projects/revolve/cpprevolve/revolve/gazebo/motors/VelocityMotor.cpp">
			<Option target="revolve-gazebo"/>
		</Unit>
		<Unit filename="/Users/roy/projects/revolve/cpprevolve/revolve/gazebo/motors/VelocityMotor.h">
			<Option target="revolve-gazebo"/>
		</Unit>
		<Unit filename="/Users/roy/projects/revolve/cpprevolve/revolve/gazebo/plugin/RobotController.cpp">
			<Option target="revolve-gazebo"/>
		</Unit>
		<Unit filename="/Users/roy/projects/revolve/cpprevolve/revolve/gazebo/plugin/RobotController.h">
			<Option target="revolve-gazebo"/>
		</Unit>
		<Unit filename="/Users/roy/projects/revolve/cpprevolve/revolve/gazebo/plugin/WorldController.cpp">
			<Option target="revolve-gazebo"/>
		</Unit>
		<Unit filename="/Users/roy/projects/revolve/cpprevolve/revolve/gazebo/plugin/WorldController.h">
			<Option target="revolve-gazebo"/>
		</Unit>
		<Unit filename="/Users/roy/projects/revolve/cpprevolve/revolve/gazebo/plugin/register_robot_plugin.cpp">
			<Option target="RobotControlPlugin"/>
		</Unit>
		<Unit filename="/Users/roy/projects/revolve/cpprevolve/revolve/gazebo/plugin/register_world_plugin.cpp">
			<Option target="WorldControlPlugin"/>
		</Unit>
		<Unit filename="/Users/roy/projects/revolve/cpprevolve/revolve/gazebo/revolve/msgs/body.pb.cc">
			<Option target="revolve-proto"/>
		</Unit>
		<Unit filename="/Users/roy/projects/revolve/cpprevolve/revolve/gazebo/revolve/msgs/body.pb.cc.rule">
			<Option target="revolve-proto"/>
		</Unit>
		<Unit filename="/Users/roy/projects/revolve/cpprevolve/revolve/gazebo/revolve/msgs/body.pb.h">
			<Option target="revolve-proto"/>
		</Unit>
		<Unit filename="/Users/roy/projects/revolve/cpprevolve/revolve/gazebo/revolve/msgs/model_inserted.pb.cc">
			<Option target="revolve-proto"/>
		</Unit>
		<Unit filename="/Users/roy/projects/revolve/cpprevolve/revolve/gazebo/revolve/msgs/model_inserted.pb.cc.rule">
			<Option target="revolve-proto"/>
		</Unit>
		<Unit filename="/Users/roy/projects/revolve/cpprevolve/revolve/gazebo/revolve/msgs/model_inserted.pb.h">
			<Option target="revolve-proto"/>
		</Unit>
		<Unit filename="/Users/roy/projects/revolve/cpprevolve/revolve/gazebo/revolve/msgs/neural_net.pb.cc">
			<Option target="revolve-proto"/>
		</Unit>
		<Unit filename="/Users/roy/projects/revolve/cpprevolve/revolve/gazebo/revolve/msgs/neural_net.pb.cc.rule">
			<Option target="revolve-proto"/>
		</Unit>
		<Unit filename="/Users/roy/projects/revolve/cpprevolve/revolve/gazebo/revolve/msgs/neural_net.pb.h">
			<Option target="revolve-proto"/>
		</Unit>
		<Unit filename="/Users/roy/projects/revolve/cpprevolve/revolve/gazebo/revolve/msgs/parameter.pb.cc">
			<Option target="revolve-proto"/>
		</Unit>
		<Unit filename="/Users/roy/projects/revolve/cpprevolve/revolve/gazebo/revolve/msgs/parameter.pb.cc.rule">
			<Option target="revolve-proto"/>
		</Unit>
		<Unit filename="/Users/roy/projects/revolve/cpprevolve/revolve/gazebo/revolve/msgs/parameter.pb.h">
			<Option target="revolve-proto"/>
		</Unit>
		<Unit filename="/Users/roy/projects/revolve/cpprevolve/revolve/gazebo/revolve/msgs/robot.pb.cc">
			<Option target="revolve-proto"/>
		</Unit>
		<Unit filename="/Users/roy/projects/revolve/cpprevolve/revolve/gazebo/revolve/msgs/robot.pb.cc.rule">
			<Option target="revolve-proto"/>
		</Unit>
		<Unit filename="/Users/roy/projects/revolve/cpprevolve/revolve/gazebo/revolve/msgs/robot.pb.h">
			<Option target="revolve-proto"/>
		</Unit>
		<Unit filename="/Users/roy/projects/revolve/cpprevolve/revolve/gazebo/revolve/msgs/robot_states.pb.cc">
			<Option target="revolve-proto"/>
		</Unit>
		<Unit filename="/Users/roy/projects/revolve/cpprevolve/revolve/gazebo/revolve/msgs/robot_states.pb.cc.rule">
			<Option target="revolve-proto"/>
		</Unit>
		<Unit filename="/Users/roy/projects/revolve/cpprevolve/revolve/gazebo/revolve/msgs/robot_states.pb.h">
			<Option target="revolve-proto"/>
		</Unit>
		<Unit filename="/Users/roy/projects/revolve/cpprevolve/revolve/gazebo/revolve/msgs/sdf_body_analyze.pb.cc">
			<Option target="revolve-proto"/>
		</Unit>
		<Unit filename="/Users/roy/projects/revolve/cpprevolve/revolve/gazebo/revolve/msgs/sdf_body_analyze.pb.cc.rule">
			<Option target="revolve-proto"/>
		</Unit>
		<Unit filename="/Users/roy/projects/revolve/cpprevolve/revolve/gazebo/revolve/msgs/sdf_body_analyze.pb.h">
			<Option target="revolve-proto"/>
		</Unit>
		<Unit filename="/Users/roy/projects/revolve/cpprevolve/revolve/gazebo/revolve/msgs/spline_policy.pb.cc">
			<Option target="revolve-proto"/>
		</Unit>
		<Unit filename="/Users/roy/projects/revolve/cpprevolve/revolve/gazebo/revolve/msgs/spline_policy.pb.cc.rule">
			<Option target="revolve-proto"/>
		</Unit>
		<Unit filename="/Users/roy/projects/revolve/cpprevolve/revolve/gazebo/revolve/msgs/spline_policy.pb.h">
			<Option target="revolve-proto"/>
		</Unit>
		<Unit filename="/Users/roy/projects/revolve/cpprevolve/revolve/gazebo/sensors/BatterySensor.cpp">
			<Option target="revolve-gazebo"/>
		</Unit>
		<Unit filename="/Users/roy/projects/revolve/cpprevolve/revolve/gazebo/sensors/BatterySensor.h">
			<Option target="revolve-gazebo"/>
		</Unit>
		<Unit filename="/Users/roy/projects/revolve/cpprevolve/revolve/gazebo/sensors/ImuSensor.cpp">
			<Option target="revolve-gazebo"/>
		</Unit>
		<Unit filename="/Users/roy/projects/revolve/cpprevolve/revolve/gazebo/sensors/ImuSensor.h">
			<Option target="revolve-gazebo"/>
		</Unit>
		<Unit filename="/Users/roy/projects/revolve/cpprevolve/revolve/gazebo/sensors/LightSensor.cpp">
			<Option target="revolve-gazebo"/>
		</Unit>
		<Unit filename="/Users/roy/projects/revolve/cpprevolve/revolve/gazebo/sensors/LightSensor.h">
			<Option target="revolve-gazebo"/>
		</Unit>
		<Unit filename="/Users/roy/projects/revolve/cpprevolve/revolve/gazebo/sensors/PointIntensitySensor.cpp">
			<Option target="revolve-gazebo"/>
		</Unit>
		<Unit filename="/Users/roy/projects/revolve/cpprevolve/revolve/gazebo/sensors/PointIntensitySensor.h">
			<Option target="revolve-gazebo"/>
		</Unit>
		<Unit filename="/Users/roy/projects/revolve/cpprevolve/revolve/gazebo/sensors/Sensor.cpp">
			<Option target="revolve-gazebo"/>
		</Unit>
		<Unit filename="/Users/roy/projects/revolve/cpprevolve/revolve/gazebo/sensors/Sensor.h">
			<Option target="revolve-gazebo"/>
		</Unit>
		<Unit filename="/Users/roy/projects/revolve/cpprevolve/revolve/gazebo/sensors/SensorFactory.cpp">
			<Option target="revolve-gazebo"/>
		</Unit>
		<Unit filename="/Users/roy/projects/revolve/cpprevolve/revolve/gazebo/sensors/SensorFactory.h">
			<Option target="revolve-gazebo"/>
		</Unit>
		<Unit filename="/Users/roy/projects/revolve/cpprevolve/revolve/gazebo/sensors/TouchSensor.cpp">
			<Option target="revolve-gazebo"/>
		</Unit>
		<Unit filename="/Users/roy/projects/revolve/cpprevolve/revolve/gazebo/sensors/TouchSensor.h">
			<Option target="revolve-gazebo"/>
		</Unit>
		<Unit filename="/Users/roy/projects/revolve/cpprevolve/revolve/gazebo/sensors/VirtualSensor.cpp">
			<Option target="revolve-gazebo"/>
		</Unit>
		<Unit filename="/Users/roy/projects/revolve/cpprevolve/revolve/gazebo/sensors/VirtualSensor.h">
			<Option target="revolve-gazebo"/>
		</Unit>
		<Unit filename="/Users/roy/projects/revolve/cpprevolve/revolve/gazebo/util/YamlBodyParser.cpp">
			<Option target="revolve-gazebo"/>
		</Unit>
		<Unit filename="/Users/roy/projects/revolve/cpprevolve/revolve/gazebo/util/YamlBodyParser.h">
			<Option target="revolve-gazebo"/>
		</Unit>
		<Unit filename="/Users/roy/projects/revolve/CMakeLists.txt">
			<Option virtualFolder="CMake Files\"/>
		</Unit>
		<Unit filename="/Users/roy/projects/revolve/cpprevolve/CMakeLists.txt">
			<Option virtualFolder="CMake Files\cpprevolve\"/>
		</Unit>
		<Unit filename="/Users/roy/projects/revolve/cpprevolve/revolve/brains/CMakeLists.txt">
			<Option virtualFolder="CMake Files\cpprevolve\revolve\brains\"/>
		</Unit>
		<Unit filename="/Users/roy/projects/revolve/cpprevolve/revolve/gazebo/CMakeLists.txt">
			<Option virtualFolder="CMake Files\cpprevolve\revolve\gazebo\"/>
		</Unit>
		<Unit filename="/Users/roy/projects/revolve/../../../../usr/local/share/eigen3/cmake/Eigen3Config.cmake">
			<Option virtualFolder="CMake Files\..\..\..\..\usr\local\share\eigen3\cmake\"/>
		</Unit>
		<Unit filename="/Users/roy/projects/revolve/../../../../usr/local/share/eigen3/cmake/Eigen3ConfigVersion.cmake">
			<Option virtualFolder="CMake Files\..\..\..\..\usr\local\share\eigen3\cmake\"/>
		</Unit>
		<Unit filename="/Users/roy/projects/revolve/../../../../usr/local/share/eigen3/cmake/Eigen3Targets.cmake">
			<Option virtualFolder="CMake Files\..\..\..\..\usr\local\share\eigen3\cmake\"/>
		</Unit>
		<Unit filename="/Users/roy/projects/revolve/../../../../usr/local/share/dart/cmake/DARTConfig.cmake">
			<Option virtualFolder="CMake Files\..\..\..\..\usr\local\share\dart\cmake\"/>
		</Unit>
		<Unit filename="/Users/roy/projects/revolve/../../../../usr/local/share/dart/cmake/DARTConfigVersion.cmake">
			<Option virtualFolder="CMake Files\..\..\..\..\usr\local\share\dart\cmake\"/>
		</Unit>
		<Unit filename="/Users/roy/projects/revolve/../../../../usr/local/share/dart/cmake/DARTFindBoost.cmake">
			<Option virtualFolder="CMake Files\..\..\..\..\usr\local\share\dart\cmake\"/>
		</Unit>
		<Unit filename="/Users/roy/projects/revolve/../../../../usr/local/share/dart/cmake/DARTFindEigen3.cmake">
			<Option virtualFolder="CMake Files\..\..\..\..\usr\local\share\dart\cmake\"/>
		</Unit>
		<Unit filename="/Users/roy/projects/revolve/../../../../usr/local/share/dart/cmake/DARTFindassimp.cmake">
			<Option virtualFolder="CMake Files\..\..\..\..\usr\local\share\dart\cmake\"/>
		</Unit>
		<Unit filename="/Users/roy/projects/revolve/../../../../usr/local/share/dart/cmake/DARTFindccd.cmake">
			<Option virtualFolder="CMake Files\..\..\..\..\usr\local\share\dart\cmake\"/>
		</Unit>
		<Unit filename="/Users/roy/projects/revolve/../../../../usr/local/share/dart/cmake/DARTFindfcl.cmake">
			<Option virtualFolder="CMake Files\..\..\..\..\usr\local\share\dart\cmake\"/>
		</Unit>
		<Unit filename="/Users/roy/projects/revolve/../../../../usr/local/share/dart/cmake/DARTFindoctomap.cmake">
			<Option virtualFolder="CMake Files\..\..\..\..\usr\local\share\dart\cmake\"/>
		</Unit>
		<Unit filename="/Users/roy/projects/revolve/../../../../usr/local/share/dart/cmake/Findassimp.cmake">
			<Option virtualFolder="CMake Files\..\..\..\..\usr\local\share\dart\cmake\"/>
		</Unit>
		<Unit filename="/Users/roy/projects/revolve/../../../../usr/local/share/dart/cmake/Findccd.cmake">
			<Option virtualFolder="CMake Files\..\..\..\..\usr\local\share\dart\cmake\"/>
		</Unit>
		<Unit filename="/Users/roy/projects/revolve/../../../../usr/local/share/dart/cmake/Findfcl.cmake">
			<Option virtualFolder="CMake Files\..\..\..\..\usr\local\share\dart\cmake\"/>
		</Unit>
		<Unit filename="/Users/roy/projects/revolve/../../../../usr/local/share/dart/cmake/dart_dartComponent.cmake">
			<Option virtualFolder="CMake Files\..\..\..\..\usr\local\share\dart\cmake\"/>
		</Unit>
		<Unit filename="/Users/roy/projects/revolve/../../../../usr/local/share/dart/cmake/dart_dartTargets-release.cmake">
			<Option virtualFolder="CMake Files\..\..\..\..\usr\local\share\dart\cmake\"/>
		</Unit>
		<Unit filename="/Users/roy/projects/revolve/../../../../usr/local/share/dart/cmake/dart_dartTargets.cmake">
			<Option virtualFolder="CMake Files\..\..\..\..\usr\local\share\dart\cmake\"/>
		</Unit>
		<Unit filename="/Users/roy/projects/revolve/../../../../usr/local/share/dart/cmake/dart_external-odelcpsolverComponent.cmake">
			<Option virtualFolder="CMake Files\..\..\..\..\usr\local\share\dart\cmake\"/>
		</Unit>
		<Unit filename="/Users/roy/projects/revolve/../../../../usr/local/share/dart/cmake/dart_external-odelcpsolverTargets-release.cmake">
			<Option virtualFolder="CMake Files\..\..\..\..\usr\local\share\dart\cmake\"/>
		</Unit>
		<Unit filename="/Users/roy/projects/revolve/../../../../usr/local/share/dart/cmake/dart_external-odelcpsolverTargets.cmake">
			<Option virtualFolder="CMake Files\..\..\..\..\usr\local\share\dart\cmake\"/>
		</Unit>
		<Unit filename="/Users/roy/projects/revolve/../../../../usr/local/share/octomap/octomap-config-version.cmake">
			<Option virtualFolder="CMake Files\..\..\..\..\usr\local\share\octomap\"/>
		</Unit>
		<Unit filename="/Users/roy/projects/revolve/../../../../usr/local/share/octomap/octomap-config.cmake">
			<Option virtualFolder="CMake Files\..\..\..\..\usr\local\share\octomap\"/>
		</Unit>
		<Unit filename="/Users/roy/projects/revolve/../../../../usr/local/share/octomap/octomap-targets-release.cmake">
			<Option virtualFolder="CMake Files\..\..\..\..\usr\local\share\octomap\"/>
		</Unit>
		<Unit filename="/Users/roy/projects/revolve/../../../../usr/local/share/octomap/octomap-targets.cmake">
			<Option virtualFolder="CMake Files\..\..\..\..\usr\local\share\octomap\"/>
		</Unit>
		<Unit filename="/Users/roy/projects/revolve/../../../../usr/local/lib/cmake/yaml-cpp/yaml-cpp-config-version.cmake">
			<Option virtualFolder="CMake Files\..\..\..\..\usr\local\lib\cmake\yaml-cpp\"/>
		</Unit>
		<Unit filename="/Users/roy/projects/revolve/../../../../usr/local/lib/cmake/yaml-cpp/yaml-cpp-config.cmake">
			<Option virtualFolder="CMake Files\..\..\..\..\usr\local\lib\cmake\yaml-cpp\"/>
		</Unit>
		<Unit filename="/Users/roy/projects/revolve/../../../../usr/local/lib/cmake/yaml-cpp/yaml-cpp-targets-release.cmake">
			<Option virtualFolder="CMake Files\..\..\..\..\usr\local\lib\cmake\yaml-cpp\"/>
		</Unit>
		<Unit filename="/Users/roy/projects/revolve/../../../../usr/local/lib/cmake/yaml-cpp/yaml-cpp-targets.cmake">
			<Option virtualFolder="CMake Files\..\..\..\..\usr\local\lib\cmake\yaml-cpp\"/>
		</Unit>
		<Unit filename="/Users/roy/projects/revolve/../../../../usr/local/lib/cmake/simbody/SimbodyConfig.cmake">
			<Option virtualFolder="CMake Files\..\..\..\..\usr\local\lib\cmake\simbody\"/>
		</Unit>
		<Unit filename="/Users/roy/projects/revolve/../../../../usr/local/lib/cmake/simbody/SimbodyConfigVersion.cmake">
			<Option virtualFolder="CMake Files\..\..\..\..\usr\local\lib\cmake\simbody\"/>
		</Unit>
		<Unit filename="/Users/roy/projects/revolve/../../../../usr/local/lib/cmake/simbody/SimbodyTargets-release.cmake">
			<Option virtualFolder="CMake Files\..\..\..\..\usr\local\lib\cmake\simbody\"/>
		</Unit>
		<Unit filename="/Users/roy/projects/revolve/../../../../usr/local/lib/cmake/simbody/SimbodyTargets.cmake">
			<Option virtualFolder="CMake Files\..\..\..\..\usr\local\lib\cmake\simbody\"/>
		</Unit>
		<Unit filename="/Users/roy/projects/revolve/../../../../usr/local/lib/cmake/sdformat/SDFormatConfig.cmake">
			<Option virtualFolder="CMake Files\..\..\..\..\usr\local\lib\cmake\sdformat\"/>
		</Unit>
		<Unit filename="/Users/roy/projects/revolve/../../../../usr/local/lib/cmake/sdformat/SDFormatConfigVersion.cmake">
			<Option virtualFolder="CMake Files\..\..\..\..\usr\local\lib\cmake\sdformat\"/>
		</Unit>
		<Unit filename="/Users/roy/projects/revolve/../../../../usr/local/lib/cmake/ignition-math4/ignition-math4-config-version.cmake">
			<Option virtualFolder="CMake Files\..\..\..\..\usr\local\lib\cmake\ignition-math4\"/>
		</Unit>
		<Unit filename="/Users/roy/projects/revolve/../../../../usr/local/lib/cmake/ignition-math4/ignition-math4-config.cmake">
			<Option virtualFolder="CMake Files\..\..\..\..\usr\local\lib\cmake\ignition-math4\"/>
		</Unit>
		<Unit filename="/Users/roy/projects/revolve/../../../../usr/local/lib/cmake/ignition-math4/ignition-math4-targets-release.cmake">
			<Option virtualFolder="CMake Files\..\..\..\..\usr\local\lib\cmake\ignition-math4\"/>
		</Unit>
		<Unit filename="/Users/roy/projects/revolve/../../../../usr/local/lib/cmake/ignition-math4/ignition-math4-targets.cmake">
			<Option virtualFolder="CMake Files\..\..\..\..\usr\local\lib\cmake\ignition-math4\"/>
		</Unit>
		<Unit filename="/Users/roy/projects/revolve/../../../../usr/local/lib/cmake/ignition-cmake0/ignition-cmake0-config-version.cmake">
			<Option virtualFolder="CMake Files\..\..\..\..\usr\local\lib\cmake\ignition-cmake0\"/>
		</Unit>
		<Unit filename="/Users/roy/projects/revolve/../../../../usr/local/lib/cmake/ignition-cmake0/ignition-cmake0-config.cmake">
			<Option virtualFolder="CMake Files\..\..\..\..\usr\local\lib\cmake\ignition-cmake0\"/>
		</Unit>
		<Unit filename="/Users/roy/projects/revolve/../../../../usr/local/lib/cmake/ignition-cmake0/cmake0/FindAVCODEC.cmake">
			<Option virtualFolder="CMake Files\..\..\..\..\usr\local\lib\cmake\ignition-cmake0\cmake0\"/>
		</Unit>
		<Unit filename="/Users/roy/projects/revolve/../../../../usr/local/lib/cmake/ignition-cmake0/cmake0/FindAVDEVICE.cmake">
			<Option virtualFolder="CMake Files\..\..\..\..\usr\local\lib\cmake\ignition-cmake0\cmake0\"/>
		</Unit>
		<Unit filename="/Users/roy/projects/revolve/../../../../usr/local/lib/cmake/ignition-cmake0/cmake0/FindAVFORMAT.cmake">
			<Option virtualFolder="CMake Files\..\..\..\..\usr\local\lib\cmake\ignition-cmake0\cmake0\"/>
		</Unit>
		<Unit filename="/Users/roy/projects/revolve/../../../../usr/local/lib/cmake/ignition-cmake0/cmake0/FindAVUTIL.cmake">
			<Option virtualFolder="CMake Files\..\..\..\..\usr\local\lib\cmake\ignition-cmake0\cmake0\"/>
		</Unit>
		<Unit filename="/Users/roy/projects/revolve/../../../../usr/local/lib/cmake/ignition-cmake0/cmake0/FindCPPZMQ.cmake">
			<Option virtualFolder="CMake Files\..\..\..\..\usr\local\lib\cmake\ignition-cmake0\cmake0\"/>
		</Unit>
		<Unit filename="/Users/roy/projects/revolve/../../../../usr/local/lib/cmake/ignition-cmake0/cmake0/FindDL.cmake">
			<Option virtualFolder="CMake Files\..\..\..\..\usr\local\lib\cmake\ignition-cmake0\cmake0\"/>
		</Unit>
		<Unit filename="/Users/roy/projects/revolve/../../../../usr/local/lib/cmake/ignition-cmake0/cmake0/FindFreeImage.cmake">
			<Option virtualFolder="CMake Files\..\..\..\..\usr\local\lib\cmake\ignition-cmake0\cmake0\"/>
		</Unit>
		<Unit filename="/Users/roy/projects/revolve/../../../../usr/local/lib/cmake/ignition-cmake0/cmake0/FindGTS.cmake">
			<Option virtualFolder="CMake Files\..\..\..\..\usr\local\lib\cmake\ignition-cmake0\cmake0\"/>
		</Unit>
		<Unit filename="/Users/roy/projects/revolve/../../../../usr/local/lib/cmake/ignition-cmake0/cmake0/FindIgnCURL.cmake">
			<Option virtualFolder="CMake Files\..\..\..\..\usr\local\lib\cmake\ignition-cmake0\cmake0\"/>
		</Unit>
		<Unit filename="/Users/roy/projects/revolve/../../../../usr/local/lib/cmake/ignition-cmake0/cmake0/FindIgnProtobuf.cmake">
			<Option virtualFolder="CMake Files\..\..\..\..\usr\local\lib\cmake\ignition-cmake0\cmake0\"/>
		</Unit>
		<Unit filename="/Users/roy/projects/revolve/../../../../usr/local/lib/cmake/ignition-cmake0/cmake0/FindJSONCPP.cmake">
			<Option virtualFolder="CMake Files\..\..\..\..\usr\local\lib\cmake\ignition-cmake0\cmake0\"/>
		</Unit>
		<Unit filename="/Users/roy/projects/revolve/../../../../usr/local/lib/cmake/ignition-cmake0/cmake0/FindSWSCALE.cmake">
			<Option virtualFolder="CMake Files\..\..\..\..\usr\local\lib\cmake\ignition-cmake0\cmake0\"/>
		</Unit>
		<Unit filename="/Users/roy/projects/revolve/../../../../usr/local/lib/cmake/ignition-cmake0/cmake0/FindTINYXML2.cmake">
			<Option virtualFolder="CMake Files\..\..\..\..\usr\local\lib\cmake\ignition-cmake0\cmake0\"/>
		</Unit>
		<Unit filename="/Users/roy/projects/revolve/../../../../usr/local/lib/cmake/ignition-cmake0/cmake0/FindUUID.cmake">
			<Option virtualFolder="CMake Files\..\..\..\..\usr\local\lib\cmake\ignition-cmake0\cmake0\"/>
		</Unit>
		<Unit filename="/Users/roy/projects/revolve/../../../../usr/local/lib/cmake/ignition-cmake0/cmake0/FindYAML.cmake">
			<Option virtualFolder="CMake Files\..\..\..\..\usr\local\lib\cmake\ignition-cmake0\cmake0\"/>
		</Unit>
		<Unit filename="/Users/roy/projects/revolve/../../../../usr/local/lib/cmake/ignition-cmake0/cmake0/FindZIP.cmake">
			<Option virtualFolder="CMake Files\..\..\..\..\usr\local\lib\cmake\ignition-cmake0\cmake0\"/>
		</Unit>
		<Unit filename="/Users/roy/projects/revolve/../../../../usr/local/lib/cmake/ignition-cmake0/cmake0/FindZeroMQ.cmake">
			<Option virtualFolder="CMake Files\..\..\..\..\usr\local\lib\cmake\ignition-cmake0\cmake0\"/>
		</Unit>
		<Unit filename="/Users/roy/projects/revolve/../../../../usr/local/lib/cmake/ignition-cmake0/cmake0/IgnCMake.cmake">
			<Option virtualFolder="CMake Files\..\..\..\..\usr\local\lib\cmake\ignition-cmake0\cmake0\"/>
		</Unit>
		<Unit filename="/Users/roy/projects/revolve/../../../../usr/local/lib/cmake/ignition-cmake0/cmake0/IgnConfigureBuild.cmake">
			<Option virtualFolder="CMake Files\..\..\..\..\usr\local\lib\cmake\ignition-cmake0\cmake0\"/>
		</Unit>
		<Unit filename="/Users/roy/projects/revolve/../../../../usr/local/lib/cmake/ignition-cmake0/cmake0/IgnConfigureProject.cmake">
			<Option virtualFolder="CMake Files\..\..\..\..\usr\local\lib\cmake\ignition-cmake0\cmake0\"/>
		</Unit>
		<Unit filename="/Users/roy/projects/revolve/../../../../usr/local/lib/cmake/ignition-cmake0/cmake0/IgnCreateDocs.cmake">
			<Option virtualFolder="CMake Files\..\..\..\..\usr\local\lib\cmake\ignition-cmake0\cmake0\"/>
		</Unit>
		<Unit filename="/Users/roy/projects/revolve/../../../../usr/local/lib/cmake/ignition-cmake0/cmake0/IgnImportTarget.cmake">
			<Option virtualFolder="CMake Files\..\..\..\..\usr\local\lib\cmake\ignition-cmake0\cmake0\"/>
		</Unit>
		<Unit filename="/Users/roy/projects/revolve/../../../../usr/local/lib/cmake/ignition-cmake0/cmake0/IgnPackaging.cmake">
			<Option virtualFolder="CMake Files\..\..\..\..\usr\local\lib\cmake\ignition-cmake0\cmake0\"/>
		</Unit>
		<Unit filename="/Users/roy/projects/revolve/../../../../usr/local/lib/cmake/ignition-cmake0/cmake0/IgnPkgConfig.cmake">
			<Option virtualFolder="CMake Files\..\..\..\..\usr\local\lib\cmake\ignition-cmake0\cmake0\"/>
		</Unit>
		<Unit filename="/Users/roy/projects/revolve/../../../../usr/local/lib/cmake/ignition-cmake0/cmake0/IgnSetCompilerFlags.cmake">
			<Option virtualFolder="CMake Files\..\..\..\..\usr\local\lib\cmake\ignition-cmake0\cmake0\"/>
		</Unit>
		<Unit filename="/Users/roy/projects/revolve/../../../../usr/local/lib/cmake/ignition-cmake0/cmake0/IgnUtils.cmake">
			<Option virtualFolder="CMake Files\..\..\..\..\usr\local\lib\cmake\ignition-cmake0\cmake0\"/>
		</Unit>
		<Unit filename="/Users/roy/projects/revolve/../../../../usr/local/lib/cmake/ignition-transport4/ignition-transport4-config-version.cmake">
			<Option virtualFolder="CMake Files\..\..\..\..\usr\local\lib\cmake\ignition-transport4\"/>
		</Unit>
		<Unit filename="/Users/roy/projects/revolve/../../../../usr/local/lib/cmake/ignition-transport4/ignition-transport4-config.cmake">
			<Option virtualFolder="CMake Files\..\..\..\..\usr\local\lib\cmake\ignition-transport4\"/>
		</Unit>
		<Unit filename="/Users/roy/projects/revolve/../../../../usr/local/lib/cmake/ignition-transport4/ignition-transport4-targets-release.cmake">
			<Option virtualFolder="CMake Files\..\..\..\..\usr\local\lib\cmake\ignition-transport4\"/>
		</Unit>
		<Unit filename="/Users/roy/projects/revolve/../../../../usr/local/lib/cmake/ignition-transport4/ignition-transport4-targets.cmake">
			<Option virtualFolder="CMake Files\..\..\..\..\usr\local\lib\cmake\ignition-transport4\"/>
		</Unit>
		<Unit filename="/Users/roy/projects/revolve/../../../../usr/local/lib/cmake/ignition-msgs1/ignition-msgs1-config-version.cmake">
			<Option virtualFolder="CMake Files\..\..\..\..\usr\local\lib\cmake\ignition-msgs1\"/>
		</Unit>
		<Unit filename="/Users/roy/projects/revolve/../../../../usr/local/lib/cmake/ignition-msgs1/ignition-msgs1-config.cmake">
			<Option virtualFolder="CMake Files\..\..\..\..\usr\local\lib\cmake\ignition-msgs1\"/>
		</Unit>
		<Unit filename="/Users/roy/projects/revolve/../../../../usr/local/lib/cmake/ignition-msgs1/ignition-msgs1-targets-release.cmake">
			<Option virtualFolder="CMake Files\..\..\..\..\usr\local\lib\cmake\ignition-msgs1\"/>
		</Unit>
		<Unit filename="/Users/roy/projects/revolve/../../../../usr/local/lib/cmake/ignition-msgs1/ignition-msgs1-targets.cmake">
			<Option virtualFolder="CMake Files\..\..\..\..\usr\local\lib\cmake\ignition-msgs1\"/>
		</Unit>
		<Unit filename="/Users/roy/projects/revolve/../../../../usr/local/lib/cmake/ignition-common1/ignition-common1-config-version.cmake">
			<Option virtualFolder="CMake Files\..\..\..\..\usr\local\lib\cmake\ignition-common1\"/>
		</Unit>
		<Unit filename="/Users/roy/projects/revolve/../../../../usr/local/lib/cmake/ignition-common1/ignition-common1-config.cmake">
			<Option virtualFolder="CMake Files\..\..\..\..\usr\local\lib\cmake\ignition-common1\"/>
		</Unit>
		<Unit filename="/Users/roy/projects/revolve/../../../../usr/local/lib/cmake/ignition-common1/ignition-common1-targets-release.cmake">
			<Option virtualFolder="CMake Files\..\..\..\..\usr\local\lib\cmake\ignition-common1\"/>
		</Unit>
		<Unit filename="/Users/roy/projects/revolve/../../../../usr/local/lib/cmake/ignition-common1/ignition-common1-targets.cmake">
			<Option virtualFolder="CMake Files\..\..\..\..\usr\local\lib\cmake\ignition-common1\"/>
		</Unit>
		<Unit filename="/Users/roy/projects/revolve/../../../../usr/local/lib/cmake/ignition-fuel_tools1/ignition-fuel_tools1-config-version.cmake">
			<Option virtualFolder="CMake Files\..\..\..\..\usr\local\lib\cmake\ignition-fuel_tools1\"/>
		</Unit>
		<Unit filename="/Users/roy/projects/revolve/../../../../usr/local/lib/cmake/ignition-fuel_tools1/ignition-fuel_tools1-config.cmake">
			<Option virtualFolder="CMake Files\..\..\..\..\usr\local\lib\cmake\ignition-fuel_tools1\"/>
		</Unit>
		<Unit filename="/Users/roy/projects/revolve/../../../../usr/local/lib/cmake/ignition-fuel_tools1/ignition-fuel_tools1-targets-release.cmake">
			<Option virtualFolder="CMake Files\..\..\..\..\usr\local\lib\cmake\ignition-fuel_tools1\"/>
		</Unit>
		<Unit filename="/Users/roy/projects/revolve/../../../../usr/local/lib/cmake/ignition-fuel_tools1/ignition-fuel_tools1-targets.cmake">
			<Option virtualFolder="CMake Files\..\..\..\..\usr\local\lib\cmake\ignition-fuel_tools1\"/>
		</Unit>
		<Unit filename="/Users/roy/projects/revolve/../../../../usr/local/lib/cmake/jsoncpp/jsoncppConfig-release.cmake">
			<Option virtualFolder="CMake Files\..\..\..\..\usr\local\lib\cmake\jsoncpp\"/>
		</Unit>
		<Unit filename="/Users/roy/projects/revolve/../../../../usr/local/lib/cmake/jsoncpp/jsoncppConfig.cmake">
			<Option virtualFolder="CMake Files\..\..\..\..\usr\local\lib\cmake\jsoncpp\"/>
		</Unit>
		<Unit filename="/Users/roy/projects/revolve/../../../../usr/local/lib/ccd/ccd-config-version.cmake">
			<Option virtualFolder="CMake Files\..\..\..\..\usr\local\lib\ccd\"/>
		</Unit>
		<Unit filename="/Users/roy/projects/revolve/../../../../usr/local/lib/ccd/ccd-config.cmake">
			<Option virtualFolder="CMake Files\..\..\..\..\usr\local\lib\ccd\"/>
		</Unit>
		<Unit filename="/Users/roy/projects/revolve/../../../../usr/local/lib/ccd/ccd-targets-release.cmake">
			<Option virtualFolder="CMake Files\..\..\..\..\usr\local\lib\ccd\"/>
		</Unit>
		<Unit filename="/Users/roy/projects/revolve/../../../../usr/local/lib/ccd/ccd-targets.cmake">
			<Option virtualFolder="CMake Files\..\..\..\..\usr\local\lib\ccd\"/>
		</Unit>
		<Unit filename="/Users/roy/projects/revolve/../../../../usr/local/Cellar/ogre1.9/1.9-20160714-108ab0bcc69603dba32c0ffd4bbbc39051f421c9_8/share/OGRE/cmake/modules/FindOGRE.cmake">
			<Option virtualFolder="CMake Files\..\..\..\..\usr\local\Cellar\ogre1.9\1.9-20160714-108ab0bcc69603dba32c0ffd4bbbc39051f421c9_8\share\OGRE\cmake\modules\"/>
		</Unit>
		<Unit filename="/Users/roy/projects/revolve/../../../../usr/local/Cellar/ogre1.9/1.9-20160714-108ab0bcc69603dba32c0ffd4bbbc39051f421c9_8/share/OGRE/cmake/modules/FindPkgMacros.cmake">
			<Option virtualFolder="CMake Files\..\..\..\..\usr\local\Cellar\ogre1.9\1.9-20160714-108ab0bcc69603dba32c0ffd4bbbc39051f421c9_8\share\OGRE\cmake\modules\"/>
		</Unit>
		<Unit filename="/Users/roy/projects/revolve/../../../../usr/local/Cellar/ogre1.9/1.9-20160714-108ab0bcc69603dba32c0ffd4bbbc39051f421c9_8/share/OGRE/cmake/modules/PreprocessorUtils.cmake">
			<Option virtualFolder="CMake Files\..\..\..\..\usr\local\Cellar\ogre1.9\1.9-20160714-108ab0bcc69603dba32c0ffd4bbbc39051f421c9_8\share\OGRE\cmake\modules\"/>
		</Unit>
		<Unit filename="/Users/roy/projects/revolve/../../installed/gazebo_debug/lib/cmake/gazebo/gazebo-config-version.cmake">
			<Option virtualFolder="CMake Files\..\..\installed\gazebo_debug\lib\cmake\gazebo\"/>
		</Unit>
		<Unit filename="/Users/roy/projects/revolve/../../installed/gazebo_debug/lib/cmake/gazebo/gazebo-config.cmake">
			<Option virtualFolder="CMake Files\..\..\installed\gazebo_debug\lib\cmake\gazebo\"/>
		</Unit>
	</Project>
</CodeBlocks_project_file>
